
Microsoft Visual Studio Solution File, Format Version 12.00
# Visual Studio Version 16
VisualStudioVersion = 16.0.30907.101
MinimumVisualStudioVersion = 10.0.40219.1
Project("{FAE04EC0-301F-11D3-BF4B-00C04F79EFBC}") = "ProjectLearningConnectorCsharp", "ProjectLearningConnectorCsharp\ProjectLearningConnectorCsharp.csproj", "{FA22509B-8CC4-4A8D-ADE8-FBDD8AE8E78D}"
EndProject
Global
	GlobalSection(SolutionConfigurationPlatforms) = preSolution
		Debug|Any CPU = Debug|Any CPU
		Release|Any CPU = Release|Any CPU
	EndGlobalSection
	GlobalSection(ProjectConfigurationPlatforms) = postSolution
		{FA22509B-8CC4-4A8D-ADE8-FBDD8AE8E78D}.Debug|Any CPU.ActiveCfg = Debug|Any CPU
		{FA22509B-8CC4-4A8D-ADE8-FBDD8AE8E78D}.Debug|Any CPU.Build.0 = Debug|Any CPU
		{FA22509B-8CC4-4A8D-ADE8-FBDD8AE8E78D}.Release|Any CPU.ActiveCfg = Release|Any CPU
		{FA22509B-8CC4-4A8D-ADE8-FBDD8AE8E78D}.Release|Any CPU.Build.0 = Release|Any CPU
	EndGlobalSection
	GlobalSection(SolutionProperties) = preSolution
		HideSolutionNode = FALSE
	EndGlobalSection
	GlobalSection(ExtensibilityGlobals) = postSolution
		SolutionGuid = {8C2FA68D-01D5-46B0-AB13-9333FAC2808C}
	EndGlobalSection
EndGlobal
